// !$*UTF8*$!
{
	archiveVersion = 1;
	classes = {
	};
	objectVersion = 51;
	objects = {

/* Begin PBXBuildFile section */
		47DE6B731BE4AAA5873A7528 /* Pods_HybridApp.framework in Frameworks */ = {isa = PBXBuildFile; fileRef = 0E1C673E1C5C46F78C3941C2 /* Pods_HybridApp.framework */; };
		CC7FE821247B917400ED2455 /* CoreNFC.framework in Frameworks */ = {isa = PBXBuildFile; fileRef = CC7FE820247B917400ED2455 /* CoreNFC.framework */; settings = {ATTRIBUTES = (Weak, ); }; };
		CC8A52A82480DEC0005E9387 /* DataBase.swift in Sources */ = {isa = PBXBuildFile; fileRef = CC8A52A72480DEC0005E9387 /* DataBase.swift */; };
		CC8A52B624839301005E9387 /* CameraPhotos.swift in Sources */ = {isa = PBXBuildFile; fileRef = CC8A52B524839301005E9387 /* CameraPhotos.swift */; };
		CC8A52B824839352005E9387 /* QRCodeScan.swift in Sources */ = {isa = PBXBuildFile; fileRef = CC8A52B724839352005E9387 /* QRCodeScan.swift */; };
		CC8A52BB2483943D005E9387 /* Location.swift in Sources */ = {isa = PBXBuildFile; fileRef = CC8A52BA2483943D005E9387 /* Location.swift */; };
		CC8A52BD248394A6005E9387 /* CheckRooting.swift in Sources */ = {isa = PBXBuildFile; fileRef = CC8A52BC248394A6005E9387 /* CheckRooting.swift */; };
		CC8A52BF248394E8005E9387 /* Dialog.swift in Sources */ = {isa = PBXBuildFile; fileRef = CC8A52BE248394E8005E9387 /* Dialog.swift */; };
		CC8A52C124839538005E9387 /* BioAuth.swift in Sources */ = {isa = PBXBuildFile; fileRef = CC8A52C024839538005E9387 /* BioAuth.swift */; };
		CC8A52C324839574005E9387 /* Reachability.swift in Sources */ = {isa = PBXBuildFile; fileRef = CC8A52C224839574005E9387 /* Reachability.swift */; };
		CC8A52C5248395AC005E9387 /* Message.swift in Sources */ = {isa = PBXBuildFile; fileRef = CC8A52C4248395AC005E9387 /* Message.swift */; };
		CC8A52C7248395D8005E9387 /* Notification.swift in Sources */ = {isa = PBXBuildFile; fileRef = CC8A52C6248395D8005E9387 /* Notification.swift */; };
		CC8A52C924839612005E9387 /* NFC.swift in Sources */ = {isa = PBXBuildFile; fileRef = CC8A52C824839612005E9387 /* NFC.swift */; };
		CC8A52CB24839645005E9387 /* FileDownload.swift in Sources */ = {isa = PBXBuildFile; fileRef = CC8A52CA24839645005E9387 /* FileDownload.swift */; };
		CC8A52CD2483967C005E9387 /* WebPopup.swift in Sources */ = {isa = PBXBuildFile; fileRef = CC8A52CC2483967C005E9387 /* WebPopup.swift */; };
		CC8A52CF248396CA005E9387 /* User.swift in Sources */ = {isa = PBXBuildFile; fileRef = CC8A52CE248396CA005E9387 /* User.swift */; };
		CC8A52D32484D9FA005E9387 /* KeyChain.swift in Sources */ = {isa = PBXBuildFile; fileRef = CC8A52D22484D9FA005E9387 /* KeyChain.swift */; };
		CC8A52D52484E14A005E9387 /* URLObserver.swift in Sources */ = {isa = PBXBuildFile; fileRef = CC8A52D42484E14A005E9387 /* URLObserver.swift */; };
		CC9B341E246CFABC00FD9FCA /* AppDelegate.swift in Sources */ = {isa = PBXBuildFile; fileRef = CC9B341D246CFABC00FD9FCA /* AppDelegate.swift */; };
		CC9B3420246CFABC00FD9FCA /* SceneDelegate.swift in Sources */ = {isa = PBXBuildFile; fileRef = CC9B341F246CFABC00FD9FCA /* SceneDelegate.swift */; };
		CC9B3422246CFABC00FD9FCA /* ViewController.swift in Sources */ = {isa = PBXBuildFile; fileRef = CC9B3421246CFABC00FD9FCA /* ViewController.swift */; };
		CC9B3425246CFABC00FD9FCA /* Main.storyboard in Resources */ = {isa = PBXBuildFile; fileRef = CC9B3423246CFABC00FD9FCA /* Main.storyboard */; };
		CC9B3427246CFABE00FD9FCA /* Assets.xcassets in Resources */ = {isa = PBXBuildFile; fileRef = CC9B3426246CFABE00FD9FCA /* Assets.xcassets */; };
		CC9B342A246CFABE00FD9FCA /* LaunchScreen.storyboard in Resources */ = {isa = PBXBuildFile; fileRef = CC9B3428246CFABE00FD9FCA /* LaunchScreen.storyboard */; };
		CCAF06902473BCE2002F47AD /* Utils.swift in Sources */ = {isa = PBXBuildFile; fileRef = CCAF068F2473BCE2002F47AD /* Utils.swift */; };
		CCAF06922473BD0B002F47AD /* Script in Resources */ = {isa = PBXBuildFile; fileRef = CCAF06912473BD0B002F47AD /* Script */; };
/* End PBXBuildFile section */

/* Begin PBXFileReference section */
		0E1C673E1C5C46F78C3941C2 /* Pods_HybridApp.framework */ = {isa = PBXFileReference; explicitFileType = wrapper.framework; includeInIndex = 0; path = Pods_HybridApp.framework; sourceTree = BUILT_PRODUCTS_DIR; };
		284B488D0335B88A34CD9DA7 /* Pods-HybridApp.debug.xcconfig */ = {isa = PBXFileReference; includeInIndex = 1; lastKnownFileType = text.xcconfig; name = "Pods-HybridApp.debug.xcconfig"; path = "Target Support Files/Pods-HybridApp/Pods-HybridApp.debug.xcconfig"; sourceTree = "<group>"; };
		358768DC37C3913A4B4905D3 /* Pods-HybridApp.release.xcconfig */ = {isa = PBXFileReference; includeInIndex = 1; lastKnownFileType = text.xcconfig; name = "Pods-HybridApp.release.xcconfig"; path = "Target Support Files/Pods-HybridApp/Pods-HybridApp.release.xcconfig"; sourceTree = "<group>"; };
		CC2A99C9247DE88900C521E1 /* HybridApp.entitlements */ = {isa = PBXFileReference; lastKnownFileType = text.plist.entitlements; path = HybridApp.entitlements; sourceTree = "<group>"; };
		CC2A99CA247DF35A00C521E1 /* HybridApp-Bridging-Header.h */ = {isa = PBXFileReference; lastKnownFileType = sourcecode.c.h; path = "HybridApp-Bridging-Header.h"; sourceTree = "<group>"; };
		CC7FE820247B917400ED2455 /* CoreNFC.framework */ = {isa = PBXFileReference; lastKnownFileType = wrapper.framework; name = CoreNFC.framework; path = System/Library/Frameworks/CoreNFC.framework; sourceTree = SDKROOT; };
		CC8A52A72480DEC0005E9387 /* DataBase.swift */ = {isa = PBXFileReference; lastKnownFileType = sourcecode.swift; path = DataBase.swift; sourceTree = "<group>"; };
		CC8A52B524839301005E9387 /* CameraPhotos.swift */ = {isa = PBXFileReference; lastKnownFileType = sourcecode.swift; path = CameraPhotos.swift; sourceTree = "<group>"; };
		CC8A52B724839352005E9387 /* QRCodeScan.swift */ = {isa = PBXFileReference; lastKnownFileType = sourcecode.swift; path = QRCodeScan.swift; sourceTree = "<group>"; };
		CC8A52BA2483943D005E9387 /* Location.swift */ = {isa = PBXFileReference; lastKnownFileType = sourcecode.swift; path = Location.swift; sourceTree = "<group>"; };
		CC8A52BC248394A6005E9387 /* CheckRooting.swift */ = {isa = PBXFileReference; lastKnownFileType = sourcecode.swift; path = CheckRooting.swift; sourceTree = "<group>"; };
		CC8A52BE248394E8005E9387 /* Dialog.swift */ = {isa = PBXFileReference; lastKnownFileType = sourcecode.swift; path = Dialog.swift; sourceTree = "<group>"; };
		CC8A52C024839538005E9387 /* BioAuth.swift */ = {isa = PBXFileReference; lastKnownFileType = sourcecode.swift; path = BioAuth.swift; sourceTree = "<group>"; };
		CC8A52C224839574005E9387 /* Reachability.swift */ = {isa = PBXFileReference; lastKnownFileType = sourcecode.swift; path = Reachability.swift; sourceTree = "<group>"; };
		CC8A52C4248395AC005E9387 /* Message.swift */ = {isa = PBXFileReference; lastKnownFileType = sourcecode.swift; path = Message.swift; sourceTree = "<group>"; };
		CC8A52C6248395D8005E9387 /* Notification.swift */ = {isa = PBXFileReference; lastKnownFileType = sourcecode.swift; path = Notification.swift; sourceTree = "<group>"; };
		CC8A52C824839612005E9387 /* NFC.swift */ = {isa = PBXFileReference; lastKnownFileType = sourcecode.swift; path = NFC.swift; sourceTree = "<group>"; };
		CC8A52CA24839645005E9387 /* FileDownload.swift */ = {isa = PBXFileReference; lastKnownFileType = sourcecode.swift; path = FileDownload.swift; sourceTree = "<group>"; };
		CC8A52CC2483967C005E9387 /* WebPopup.swift */ = {isa = PBXFileReference; lastKnownFileType = sourcecode.swift; path = WebPopup.swift; sourceTree = "<group>"; };
		CC8A52CE248396CA005E9387 /* User.swift */ = {isa = PBXFileReference; lastKnownFileType = sourcecode.swift; path = User.swift; sourceTree = "<group>"; };
		CC8A52D22484D9FA005E9387 /* KeyChain.swift */ = {isa = PBXFileReference; lastKnownFileType = sourcecode.swift; path = KeyChain.swift; sourceTree = "<group>"; };
		CC8A52D42484E14A005E9387 /* URLObserver.swift */ = {isa = PBXFileReference; lastKnownFileType = sourcecode.swift; path = URLObserver.swift; sourceTree = "<group>"; };
		CC9B341A246CFABC00FD9FCA /* HybridApp.app */ = {isa = PBXFileReference; explicitFileType = wrapper.application; includeInIndex = 0; path = HybridApp.app; sourceTree = BUILT_PRODUCTS_DIR; };
		CC9B341D246CFABC00FD9FCA /* AppDelegate.swift */ = {isa = PBXFileReference; lastKnownFileType = sourcecode.swift; path = AppDelegate.swift; sourceTree = "<group>"; };
		CC9B341F246CFABC00FD9FCA /* SceneDelegate.swift */ = {isa = PBXFileReference; lastKnownFileType = sourcecode.swift; path = SceneDelegate.swift; sourceTree = "<group>"; };
		CC9B3421246CFABC00FD9FCA /* ViewController.swift */ = {isa = PBXFileReference; lastKnownFileType = sourcecode.swift; path = ViewController.swift; sourceTree = "<group>"; };
		CC9B3424246CFABC00FD9FCA /* Base */ = {isa = PBXFileReference; lastKnownFileType = file.storyboard; name = Base; path = Base.lproj/Main.storyboard; sourceTree = "<group>"; };
		CC9B3426246CFABE00FD9FCA /* Assets.xcassets */ = {isa = PBXFileReference; lastKnownFileType = folder.assetcatalog; path = Assets.xcassets; sourceTree = "<group>"; };
		CC9B3429246CFABE00FD9FCA /* Base */ = {isa = PBXFileReference; lastKnownFileType = file.storyboard; name = Base; path = Base.lproj/LaunchScreen.storyboard; sourceTree = "<group>"; };
		CC9B342B246CFABE00FD9FCA /* Info.plist */ = {isa = PBXFileReference; lastKnownFileType = text.plist.xml; path = Info.plist; sourceTree = "<group>"; };
		CCAF068F2473BCE2002F47AD /* Utils.swift */ = {isa = PBXFileReference; lastKnownFileType = sourcecode.swift; path = Utils.swift; sourceTree = "<group>"; };
		CCAF06912473BD0B002F47AD /* Script */ = {isa = PBXFileReference; fileEncoding = 4; lastKnownFileType = text; path = Script; sourceTree = SOURCE_ROOT; };
/* End PBXFileReference section */

/* Begin PBXFrameworksBuildPhase section */
		CC9B3417246CFABC00FD9FCA /* Frameworks */ = {
			isa = PBXFrameworksBuildPhase;
			buildActionMask = 2147483647;
			files = (
				CC7FE821247B917400ED2455 /* CoreNFC.framework in Frameworks */,
				47DE6B731BE4AAA5873A7528 /* Pods_HybridApp.framework in Frameworks */,
			);
			runOnlyForDeploymentPostprocessing = 0;
		};
/* End PBXFrameworksBuildPhase section */

/* Begin PBXGroup section */
		935932ACD711BC46E01D4D84 /* Frameworks */ = {
			isa = PBXGroup;
			children = (
				CC7FE820247B917400ED2455 /* CoreNFC.framework */,
				0E1C673E1C5C46F78C3941C2 /* Pods_HybridApp.framework */,
			);
			name = Frameworks;
			sourceTree = "<group>";
		};
		95958184BA9A414F6306906B /* Pods */ = {
			isa = PBXGroup;
			children = (
				284B488D0335B88A34CD9DA7 /* Pods-HybridApp.debug.xcconfig */,
				358768DC37C3913A4B4905D3 /* Pods-HybridApp.release.xcconfig */,
			);
			path = Pods;
			sourceTree = "<group>";
		};
		CC8A52B324839291005E9387 /* Photos */ = {
			isa = PBXGroup;
			children = (
				CC8A52B524839301005E9387 /* CameraPhotos.swift */,
				CC8A52B724839352005E9387 /* QRCodeScan.swift */,
			);
			path = Photos;
			sourceTree = "<group>";
		};
		CC8A52B4248392C0005E9387 /* Module */ = {
			isa = PBXGroup;
			children = (
				CCAF068F2473BCE2002F47AD /* Utils.swift */,
				CC8A52D42484E14A005E9387 /* URLObserver.swift */,
				CC8A52B9248393CB005E9387 /* Functions */,
				CC8A52B324839291005E9387 /* Photos */,
			);
			path = Module;
			sourceTree = "<group>";
		};
		CC8A52B9248393CB005E9387 /* Functions */ = {
			isa = PBXGroup;
			children = (
				CC8A52BA2483943D005E9387 /* Location.swift */,
				CC8A52BC248394A6005E9387 /* CheckRooting.swift */,
				CC8A52BE248394E8005E9387 /* Dialog.swift */,
				CC8A52C024839538005E9387 /* BioAuth.swift */,
				CC8A52C224839574005E9387 /* Reachability.swift */,
				CC8A52C4248395AC005E9387 /* Message.swift */,
				CC8A52C6248395D8005E9387 /* Notification.swift */,
				CC8A52C824839612005E9387 /* NFC.swift */,
				CC8A52CA24839645005E9387 /* FileDownload.swift */,
				CC8A52CC2483967C005E9387 /* WebPopup.swift */,
				CC8A52CE248396CA005E9387 /* User.swift */,
				CC8A52D22484D9FA005E9387 /* KeyChain.swift */,
			);
			path = Functions;
			sourceTree = "<group>";
		};
		CC9B3411246CFABC00FD9FCA = {
			isa = PBXGroup;
			children = (
				CC9B341C246CFABC00FD9FCA /* HybridApp */,
				CC9B341B246CFABC00FD9FCA /* Products */,
				95958184BA9A414F6306906B /* Pods */,
				935932ACD711BC46E01D4D84 /* Frameworks */,
			);
			sourceTree = "<group>";
		};
		CC9B341B246CFABC00FD9FCA /* Products */ = {
			isa = PBXGroup;
			children = (
				CC9B341A246CFABC00FD9FCA /* HybridApp.app */,
			);
			name = Products;
			sourceTree = "<group>";
		};
		CC9B341C246CFABC00FD9FCA /* HybridApp */ = {
			isa = PBXGroup;
			children = (
				CC8A52B4248392C0005E9387 /* Module */,
				CC2A99C9247DE88900C521E1 /* HybridApp.entitlements */,
				CCAF06912473BD0B002F47AD /* Script */,
				CC9B341D246CFABC00FD9FCA /* AppDelegate.swift */,
				CC9B341F246CFABC00FD9FCA /* SceneDelegate.swift */,
				CC9B3421246CFABC00FD9FCA /* ViewController.swift */,
				CC9B3423246CFABC00FD9FCA /* Main.storyboard */,
				CC9B3426246CFABE00FD9FCA /* Assets.xcassets */,
				CC9B3428246CFABE00FD9FCA /* LaunchScreen.storyboard */,
				CC9B342B246CFABE00FD9FCA /* Info.plist */,
				CC2A99CA247DF35A00C521E1 /* HybridApp-Bridging-Header.h */,
				CC8A52A72480DEC0005E9387 /* DataBase.swift */,
			);
			path = HybridApp;
			sourceTree = "<group>";
		};
/* End PBXGroup section */

/* Begin PBXNativeTarget section */
		CC9B3419246CFABC00FD9FCA /* HybridApp */ = {
			isa = PBXNativeTarget;
			buildConfigurationList = CC9B342E246CFABE00FD9FCA /* Build configuration list for PBXNativeTarget "HybridApp" */;
			buildPhases = (
				5E177C41CCA5C5E6F2DEF308 /* [CP] Check Pods Manifest.lock */,
				CC9B3416246CFABC00FD9FCA /* Sources */,
				CC9B3417246CFABC00FD9FCA /* Frameworks */,
				CC9B3418246CFABC00FD9FCA /* Resources */,
				7497BE8009F09766C989614C /* [CP] Embed Pods Frameworks */,
			);
			buildRules = (
			);
			dependencies = (
			);
			name = HybridApp;
			productName = HybridApp;
			productReference = CC9B341A246CFABC00FD9FCA /* HybridApp.app */;
			productType = "com.apple.product-type.application";
		};
/* End PBXNativeTarget section */

/* Begin PBXProject section */
		CC9B3412246CFABC00FD9FCA /* Project object */ = {
			isa = PBXProject;
			attributes = {
				LastSwiftUpdateCheck = 1140;
				LastUpgradeCheck = 1140;
				ORGANIZATIONNAME = Ayeon;
				TargetAttributes = {
					CC9B3419246CFABC00FD9FCA = {
						CreatedOnToolsVersion = 11.4;
						LastSwiftMigration = 1140;
					};
				};
			};
			buildConfigurationList = CC9B3415246CFABC00FD9FCA /* Build configuration list for PBXProject "HybridApp" */;
			compatibilityVersion = "Xcode 9.3";
			developmentRegion = en;
			hasScannedForEncodings = 0;
			knownRegions = (
				en,
				Base,
			);
			mainGroup = CC9B3411246CFABC00FD9FCA;
			productRefGroup = CC9B341B246CFABC00FD9FCA /* Products */;
			projectDirPath = "";
			projectRoot = "";
			targets = (
				CC9B3419246CFABC00FD9FCA /* HybridApp */,
			);
		};
/* End PBXProject section */

/* Begin PBXResourcesBuildPhase section */
		CC9B3418246CFABC00FD9FCA /* Resources */ = {
			isa = PBXResourcesBuildPhase;
			buildActionMask = 2147483647;
			files = (
				CC9B342A246CFABE00FD9FCA /* LaunchScreen.storyboard in Resources */,
				CC9B3427246CFABE00FD9FCA /* Assets.xcassets in Resources */,
				CC9B3425246CFABC00FD9FCA /* Main.storyboard in Resources */,
				CCAF06922473BD0B002F47AD /* Script in Resources */,
			);
			runOnlyForDeploymentPostprocessing = 0;
		};
/* End PBXResourcesBuildPhase section */

/* Begin PBXShellScriptBuildPhase section */
		5E177C41CCA5C5E6F2DEF308 /* [CP] Check Pods Manifest.lock */ = {
			isa = PBXShellScriptBuildPhase;
			buildActionMask = 2147483647;
			files = (
			);
			inputFileListPaths = (
			);
			inputPaths = (
				"${PODS_PODFILE_DIR_PATH}/Podfile.lock",
				"${PODS_ROOT}/Manifest.lock",
			);
			name = "[CP] Check Pods Manifest.lock";
			outputFileListPaths = (
			);
			outputPaths = (
				"$(DERIVED_FILE_DIR)/Pods-HybridApp-checkManifestLockResult.txt",
			);
			runOnlyForDeploymentPostprocessing = 0;
			shellPath = /bin/sh;
			shellScript = "diff \"${PODS_PODFILE_DIR_PATH}/Podfile.lock\" \"${PODS_ROOT}/Manifest.lock\" > /dev/null\nif [ $? != 0 ] ; then\n    # print error to STDERR\n    echo \"error: The sandbox is not in sync with the Podfile.lock. Run 'pod install' or update your CocoaPods installation.\" >&2\n    exit 1\nfi\n# This output is used by Xcode 'outputs' to avoid re-running this script phase.\necho \"SUCCESS\" > \"${SCRIPT_OUTPUT_FILE_0}\"\n";
			showEnvVarsInLog = 0;
		};
		7497BE8009F09766C989614C /* [CP] Embed Pods Frameworks */ = {
			isa = PBXShellScriptBuildPhase;
			buildActionMask = 2147483647;
			files = (
			);
			inputFileListPaths = (
				"${PODS_ROOT}/Target Support Files/Pods-HybridApp/Pods-HybridApp-frameworks-${CONFIGURATION}-input-files.xcfilelist",
			);
			name = "[CP] Embed Pods Frameworks";
			outputFileListPaths = (
				"${PODS_ROOT}/Target Support Files/Pods-HybridApp/Pods-HybridApp-frameworks-${CONFIGURATION}-output-files.xcfilelist",
			);
			runOnlyForDeploymentPostprocessing = 0;
			shellPath = /bin/sh;
			shellScript = "\"${PODS_ROOT}/Target Support Files/Pods-HybridApp/Pods-HybridApp-frameworks.sh\"\n";
			showEnvVarsInLog = 0;
		};
/* End PBXShellScriptBuildPhase section */

/* Begin PBXSourcesBuildPhase section */
		CC9B3416246CFABC00FD9FCA /* Sources */ = {
			isa = PBXSourcesBuildPhase;
			buildActionMask = 2147483647;
			files = (
				CC8A52A82480DEC0005E9387 /* DataBase.swift in Sources */,
				CC8A52C124839538005E9387 /* BioAuth.swift in Sources */,
				CC8A52C924839612005E9387 /* NFC.swift in Sources */,
				CC8A52C324839574005E9387 /* Reachability.swift in Sources */,
				CC8A52BF248394E8005E9387 /* Dialog.swift in Sources */,
				CC8A52CB24839645005E9387 /* FileDownload.swift in Sources */,
				CC8A52B624839301005E9387 /* CameraPhotos.swift in Sources */,
				CC8A52D52484E14A005E9387 /* URLObserver.swift in Sources */,
				CC8A52BB2483943D005E9387 /* Location.swift in Sources */,
				CC9B3422246CFABC00FD9FCA /* ViewController.swift in Sources */,
				CC8A52B824839352005E9387 /* QRCodeScan.swift in Sources */,
				CC8A52D32484D9FA005E9387 /* KeyChain.swift in Sources */,
				CC9B341E246CFABC00FD9FCA /* AppDelegate.swift in Sources */,
				CC8A52C5248395AC005E9387 /* Message.swift in Sources */,
				CC8A52C7248395D8005E9387 /* Notification.swift in Sources */,
				CC9B3420246CFABC00FD9FCA /* SceneDelegate.swift in Sources */,
				CC8A52CF248396CA005E9387 /* User.swift in Sources */,
				CC8A52BD248394A6005E9387 /* CheckRooting.swift in Sources */,
				CCAF06902473BCE2002F47AD /* Utils.swift in Sources */,
				CC8A52CD2483967C005E9387 /* WebPopup.swift in Sources */,
			);
			runOnlyForDeploymentPostprocessing = 0;
		};
/* End PBXSourcesBuildPhase section */

/* Begin PBXVariantGroup section */
		CC9B3423246CFABC00FD9FCA /* Main.storyboard */ = {
			isa = PBXVariantGroup;
			children = (
				CC9B3424246CFABC00FD9FCA /* Base */,
			);
			name = Main.storyboard;
			sourceTree = "<group>";
		};
		CC9B3428246CFABE00FD9FCA /* LaunchScreen.storyboard */ = {
			isa = PBXVariantGroup;
			children = (
				CC9B3429246CFABE00FD9FCA /* Base */,
			);
			name = LaunchScreen.storyboard;
			sourceTree = "<group>";
		};
/* End PBXVariantGroup section */

/* Begin XCBuildConfiguration section */
		CC9B342C246CFABE00FD9FCA /* Debug */ = {
			isa = XCBuildConfiguration;
			buildSettings = {
				ALWAYS_SEARCH_USER_PATHS = NO;
				CLANG_ANALYZER_NONNULL = YES;
				CLANG_ANALYZER_NUMBER_OBJECT_CONVERSION = YES_AGGRESSIVE;
				CLANG_CXX_LANGUAGE_STANDARD = "gnu++14";
				CLANG_CXX_LIBRARY = "libc++";
				CLANG_ENABLE_MODULES = YES;
				CLANG_ENABLE_OBJC_ARC = YES;
				CLANG_ENABLE_OBJC_WEAK = YES;
				CLANG_WARN_BLOCK_CAPTURE_AUTORELEASING = YES;
				CLANG_WARN_BOOL_CONVERSION = YES;
				CLANG_WARN_COMMA = YES;
				CLANG_WARN_CONSTANT_CONVERSION = YES;
				CLANG_WARN_DEPRECATED_OBJC_IMPLEMENTATIONS = YES;
				CLANG_WARN_DIRECT_OBJC_ISA_USAGE = YES_ERROR;
				CLANG_WARN_DOCUMENTATION_COMMENTS = YES;
				CLANG_WARN_EMPTY_BODY = YES;
				CLANG_WARN_ENUM_CONVERSION = YES;
				CLANG_WARN_INFINITE_RECURSION = YES;
				CLANG_WARN_INT_CONVERSION = YES;
				CLANG_WARN_NON_LITERAL_NULL_CONVERSION = YES;
				CLANG_WARN_OBJC_IMPLICIT_RETAIN_SELF = YES;
				CLANG_WARN_OBJC_LITERAL_CONVERSION = YES;
				CLANG_WARN_OBJC_ROOT_CLASS = YES_ERROR;
				CLANG_WARN_RANGE_LOOP_ANALYSIS = YES;
				CLANG_WARN_STRICT_PROTOTYPES = YES;
				CLANG_WARN_SUSPICIOUS_MOVE = YES;
				CLANG_WARN_UNGUARDED_AVAILABILITY = YES_AGGRESSIVE;
				CLANG_WARN_UNREACHABLE_CODE = YES;
				CLANG_WARN__DUPLICATE_METHOD_MATCH = YES;
				COPY_PHASE_STRIP = NO;
				DEBUG_INFORMATION_FORMAT = dwarf;
				ENABLE_STRICT_OBJC_MSGSEND = YES;
				ENABLE_TESTABILITY = YES;
				GCC_C_LANGUAGE_STANDARD = gnu11;
				GCC_DYNAMIC_NO_PIC = NO;
				GCC_NO_COMMON_BLOCKS = YES;
				GCC_OPTIMIZATION_LEVEL = 0;
				GCC_PREPROCESSOR_DEFINITIONS = (
					"DEBUG=1",
					"$(inherited)",
				);
				GCC_WARN_64_TO_32_BIT_CONVERSION = YES;
				GCC_WARN_ABOUT_RETURN_TYPE = YES_ERROR;
				GCC_WARN_UNDECLARED_SELECTOR = YES;
				GCC_WARN_UNINITIALIZED_AUTOS = YES_AGGRESSIVE;
				GCC_WARN_UNUSED_FUNCTION = YES;
				GCC_WARN_UNUSED_VARIABLE = YES;
				IPHONEOS_DEPLOYMENT_TARGET = 11.0;
				MTL_ENABLE_DEBUG_INFO = INCLUDE_SOURCE;
				MTL_FAST_MATH = YES;
				ONLY_ACTIVE_ARCH = YES;
				SDKROOT = iphoneos;
				SWIFT_ACTIVE_COMPILATION_CONDITIONS = DEBUG;
				SWIFT_OPTIMIZATION_LEVEL = "-Onone";
			};
			name = Debug;
		};
		CC9B342D246CFABE00FD9FCA /* Release */ = {
			isa = XCBuildConfiguration;
			buildSettings = {
				ALWAYS_SEARCH_USER_PATHS = NO;
				CLANG_ANALYZER_NONNULL = YES;
				CLANG_ANALYZER_NUMBER_OBJECT_CONVERSION = YES_AGGRESSIVE;
				CLANG_CXX_LANGUAGE_STANDARD = "gnu++14";
				CLANG_CXX_LIBRARY = "libc++";
				CLANG_ENABLE_MODULES = YES;
				CLANG_ENABLE_OBJC_ARC = YES;
				CLANG_ENABLE_OBJC_WEAK = YES;
				CLANG_WARN_BLOCK_CAPTURE_AUTORELEASING = YES;
				CLANG_WARN_BOOL_CONVERSION = YES;
				CLANG_WARN_COMMA = YES;
				CLANG_WARN_CONSTANT_CONVERSION = YES;
				CLANG_WARN_DEPRECATED_OBJC_IMPLEMENTATIONS = YES;
				CLANG_WARN_DIRECT_OBJC_ISA_USAGE = YES_ERROR;
				CLANG_WARN_DOCUMENTATION_COMMENTS = YES;
				CLANG_WARN_EMPTY_BODY = YES;
				CLANG_WARN_ENUM_CONVERSION = YES;
				CLANG_WARN_INFINITE_RECURSION = YES;
				CLANG_WARN_INT_CONVERSION = YES;
				CLANG_WARN_NON_LITERAL_NULL_CONVERSION = YES;
				CLANG_WARN_OBJC_IMPLICIT_RETAIN_SELF = YES;
				CLANG_WARN_OBJC_LITERAL_CONVERSION = YES;
				CLANG_WARN_OBJC_ROOT_CLASS = YES_ERROR;
				CLANG_WARN_RANGE_LOOP_ANALYSIS = YES;
				CLANG_WARN_STRICT_PROTOTYPES = YES;
				CLANG_WARN_SUSPICIOUS_MOVE = YES;
				CLANG_WARN_UNGUARDED_AVAILABILITY = YES_AGGRESSIVE;
				CLANG_WARN_UNREACHABLE_CODE = YES;
				CLANG_WARN__DUPLICATE_METHOD_MATCH = YES;
				COPY_PHASE_STRIP = NO;
				DEBUG_INFORMATION_FORMAT = "dwarf-with-dsym";
				ENABLE_NS_ASSERTIONS = NO;
				ENABLE_STRICT_OBJC_MSGSEND = YES;
				GCC_C_LANGUAGE_STANDARD = gnu11;
				GCC_NO_COMMON_BLOCKS = YES;
				GCC_WARN_64_TO_32_BIT_CONVERSION = YES;
				GCC_WARN_ABOUT_RETURN_TYPE = YES_ERROR;
				GCC_WARN_UNDECLARED_SELECTOR = YES;
				GCC_WARN_UNINITIALIZED_AUTOS = YES_AGGRESSIVE;
				GCC_WARN_UNUSED_FUNCTION = YES;
				GCC_WARN_UNUSED_VARIABLE = YES;
				IPHONEOS_DEPLOYMENT_TARGET = 11.0;
				MTL_ENABLE_DEBUG_INFO = NO;
				MTL_FAST_MATH = YES;
				SDKROOT = iphoneos;
				SWIFT_COMPILATION_MODE = wholemodule;
				SWIFT_OPTIMIZATION_LEVEL = "-O";
				VALIDATE_PRODUCT = YES;
			};
			name = Release;
		};
		CC9B342F246CFABE00FD9FCA /* Debug */ = {
			isa = XCBuildConfiguration;
			baseConfigurationReference = 284B488D0335B88A34CD9DA7 /* Pods-HybridApp.debug.xcconfig */;
			buildSettings = {
				ASSETCATALOG_COMPILER_APPICON_NAME = AppIcon;
				CLANG_ENABLE_MODULES = YES;
				CODE_SIGN_ENTITLEMENTS = HybridApp/HybridApp.entitlements;
				CODE_SIGN_STYLE = Automatic;
				DEVELOPMENT_TEAM = 4V6SN23KMY;
				INFOPLIST_FILE = HybridApp/Info.plist;
				LD_RUNPATH_SEARCH_PATHS = (
					"$(inherited)",
					"@executable_path/Frameworks",
				);
				PRODUCT_BUNDLE_IDENTIFIER = kr.lay.HybridApp;
				PRODUCT_NAME = "$(TARGET_NAME)";
				SWIFT_OBJC_BRIDGING_HEADER = "HybridApp/HybridApp-Bridging-Header.h";
				SWIFT_OPTIMIZATION_LEVEL = "-Onone";
				SWIFT_VERSION = 5.0;
				TARGETED_DEVICE_FAMILY = "1,2";
			};
			name = Debug;
		};
		CC9B3430246CFABE00FD9FCA /* Release */ = {
			isa = XCBuildConfiguration;
			baseConfigurationReference = 358768DC37C3913A4B4905D3 /* Pods-HybridApp.release.xcconfig */;
			buildSettings = {
				ASSETCATALOG_COMPILER_APPICON_NAME = AppIcon;
				CLANG_ENABLE_MODULES = YES;
				CODE_SIGN_ENTITLEMENTS = HybridApp/HybridApp.entitlements;
				CODE_SIGN_STYLE = Automatic;
				DEVELOPMENT_TEAM = 4V6SN23KMY;
				INFOPLIST_FILE = HybridApp/Info.plist;
				LD_RUNPATH_SEARCH_PATHS = (
					"$(inherited)",
					"@executable_path/Frameworks",
				);
				PRODUCT_BUNDLE_IDENTIFIER = kr.lay.HybridApp;
				PRODUCT_NAME = "$(TARGET_NAME)";
				SWIFT_OBJC_BRIDGING_HEADER = "HybridApp/HybridApp-Bridging-Header.h";
				SWIFT_VERSION = 5.0;
				TARGETED_DEVICE_FAMILY = "1,2";
			};
			name = Release;
		};
/* End XCBuildConfiguration section */

/* Begin XCConfigurationList section */
		CC9B3415246CFABC00FD9FCA /* Build configuration list for PBXProject "HybridApp" */ = {
			isa = XCConfigurationList;
			buildConfigurations = (
				CC9B342C246CFABE00FD9FCA /* Debug */,
				CC9B342D246CFABE00FD9FCA /* Release */,
			);
			defaultConfigurationIsVisible = 0;
			defaultConfigurationName = Release;
		};
		CC9B342E246CFABE00FD9FCA /* Build configuration list for PBXNativeTarget "HybridApp" */ = {
			isa = XCConfigurationList;
			buildConfigurations = (
				CC9B342F246CFABE00FD9FCA /* Debug */,
				CC9B3430246CFABE00FD9FCA /* Release */,
			);
			defaultConfigurationIsVisible = 0;
			defaultConfigurationName = Release;
		};
/* End XCConfigurationList section */
	};
	rootObject = CC9B3412246CFABC00FD9FCA /* Project object */;
}
